
Microsoft Visual Studio Solution File, Format Version 12.00
# Visual Studio 15
VisualStudioVersion = 15.0.27428.2043
MinimumVisualStudioVersion = 10.0.40219.1
Project("{FAE04EC0-301F-11D3-BF4B-00C04F79EFBC}") = "AllGreen.Lib", "AllGreen.Lib\AllGreen.Lib.csproj", "{CE12E637-AA98-4BF5-93D7-40FC5CBD7450}"
EndProject
Global
	GlobalSection(SolutionConfigurationPlatforms) = preSolution
		Debug|Any CPU = Debug|Any CPU
		Release|Any CPU = Release|Any CPU
	EndGlobalSection
	GlobalSection(ProjectConfigurationPlatforms) = postSolution
		{CE12E637-AA98-4BF5-93D7-40FC5CBD7450}.Debug|Any CPU.ActiveCfg = Debug|Any CPU
		{CE12E637-AA98-4BF5-93D7-40FC5CBD7450}.Debug|Any CPU.Build.0 = Debug|Any CPU
		{CE12E637-AA98-4BF5-93D7-40FC5CBD7450}.Release|Any CPU.ActiveCfg = Release|Any CPU
		{CE12E637-AA98-4BF5-93D7-40FC5CBD7450}.Release|Any CPU.Build.0 = Release|Any CPU
	EndGlobalSection
	GlobalSection(SolutionProperties) = preSolution
		HideSolutionNode = FALSE
	EndGlobalSection
	GlobalSection(ExtensibilityGlobals) = postSolution
		SolutionGuid = {B13CB8E4-B951-4110-A3F6-2FA84999331F}
	EndGlobalSection
EndGlobal
